
Microsoft Visual Studio Solution File, Format Version 12.00
# Visual Studio Version 17
VisualStudioVersion = 17.4.33103.184
MinimumVisualStudioVersion = 10.0.40219.1
Project("{9A19103F-16F7-4668-BE54-9A1E7A4F7556}") = "CoreDemo", "CoreDemo\CoreDemo.csproj", "{7D689951-40AF-4EFA-9CB2-6FECE802E8A6}"
EndProject
Project("{9A19103F-16F7-4668-BE54-9A1E7A4F7556}") = "EntityLayer", "EntityLayer\EntityLayer.csproj", "{D65E4839-C47B-4B6B-B110-C744FE3D02B1}"
EndProject
Project("{9A19103F-16F7-4668-BE54-9A1E7A4F7556}") = "DataAccessLayer", "DataAccessLayer\DataAccessLayer.csproj", "{3D7DFE47-3016-4B4B-BD38-9E438E155F4D}"
EndProject
Project("{9A19103F-16F7-4668-BE54-9A1E7A4F7556}") = "BusinessLayer", "BusinessLayer\BusinessLayer.csproj", "{FE229405-44E7-414E-9F3C-63CB0F9F3D8C}"
EndProject
Project("{9A19103F-16F7-4668-BE54-9A1E7A4F7556}") = "CoreLayer", "CoreLayer\CoreLayer.csproj", "{CC653E72-70DA-475F-AEEB-44935DF01B1E}"
EndProject
Project("{FAE04EC0-301F-11D3-BF4B-00C04F79EFBC}") = "BlogApiDemo", "BlogApiDemo\BlogApiDemo.csproj", "{AD500A77-6FDA-44D7-A052-0510A2AAC09B}"
EndProject
Global
	GlobalSection(SolutionConfigurationPlatforms) = preSolution
		Debug|Any CPU = Debug|Any CPU
		Release|Any CPU = Release|Any CPU
	EndGlobalSection
	GlobalSection(ProjectConfigurationPlatforms) = postSolution
		{7D689951-40AF-4EFA-9CB2-6FECE802E8A6}.Debug|Any CPU.ActiveCfg = Debug|Any CPU
		{7D689951-40AF-4EFA-9CB2-6FECE802E8A6}.Debug|Any CPU.Build.0 = Debug|Any CPU
		{7D689951-40AF-4EFA-9CB2-6FECE802E8A6}.Release|Any CPU.ActiveCfg = Release|Any CPU
		{7D689951-40AF-4EFA-9CB2-6FECE802E8A6}.Release|Any CPU.Build.0 = Release|Any CPU
		{D65E4839-C47B-4B6B-B110-C744FE3D02B1}.Debug|Any CPU.ActiveCfg = Debug|Any CPU
		{D65E4839-C47B-4B6B-B110-C744FE3D02B1}.Debug|Any CPU.Build.0 = Debug|Any CPU
		{D65E4839-C47B-4B6B-B110-C744FE3D02B1}.Release|Any CPU.ActiveCfg = Release|Any CPU
		{D65E4839-C47B-4B6B-B110-C744FE3D02B1}.Release|Any CPU.Build.0 = Release|Any CPU
		{3D7DFE47-3016-4B4B-BD38-9E438E155F4D}.Debug|Any CPU.ActiveCfg = Debug|Any CPU
		{3D7DFE47-3016-4B4B-BD38-9E438E155F4D}.Debug|Any CPU.Build.0 = Debug|Any CPU
		{3D7DFE47-3016-4B4B-BD38-9E438E155F4D}.Release|Any CPU.ActiveCfg = Release|Any CPU
		{3D7DFE47-3016-4B4B-BD38-9E438E155F4D}.Release|Any CPU.Build.0 = Release|Any CPU
		{FE229405-44E7-414E-9F3C-63CB0F9F3D8C}.Debug|Any CPU.ActiveCfg = Debug|Any CPU
		{FE229405-44E7-414E-9F3C-63CB0F9F3D8C}.Debug|Any CPU.Build.0 = Debug|Any CPU
		{FE229405-44E7-414E-9F3C-63CB0F9F3D8C}.Release|Any CPU.ActiveCfg = Release|Any CPU
		{FE229405-44E7-414E-9F3C-63CB0F9F3D8C}.Release|Any CPU.Build.0 = Release|Any CPU
		{CC653E72-70DA-475F-AEEB-44935DF01B1E}.Debug|Any CPU.ActiveCfg = Debug|Any CPU
		{CC653E72-70DA-475F-AEEB-44935DF01B1E}.Debug|Any CPU.Build.0 = Debug|Any CPU
		{CC653E72-70DA-475F-AEEB-44935DF01B1E}.Release|Any CPU.ActiveCfg = Release|Any CPU
		{CC653E72-70DA-475F-AEEB-44935DF01B1E}.Release|Any CPU.Build.0 = Release|Any CPU
		{AD500A77-6FDA-44D7-A052-0510A2AAC09B}.Debug|Any CPU.ActiveCfg = Debug|Any CPU
		{AD500A77-6FDA-44D7-A052-0510A2AAC09B}.Debug|Any CPU.Build.0 = Debug|Any CPU
		{AD500A77-6FDA-44D7-A052-0510A2AAC09B}.Release|Any CPU.ActiveCfg = Release|Any CPU
		{AD500A77-6FDA-44D7-A052-0510A2AAC09B}.Release|Any CPU.Build.0 = Release|Any CPU
	EndGlobalSection
	GlobalSection(SolutionProperties) = preSolution
		HideSolutionNode = FALSE
	EndGlobalSection
	GlobalSection(ExtensibilityGlobals) = postSolution
		SolutionGuid = {4BB22B14-117B-4BAB-A11F-CEF9D836EC2D}
	EndGlobalSection
EndGlobal
